
Microsoft Visual Studio Solution File, Format Version 12.00
# Visual Studio Version 17
VisualStudioVersion = 17.0.31903.59
MinimumVisualStudioVersion = 10.0.40219.1
Project("{9A19103F-16F7-4668-BE54-9A1E7A4F7556}") = "EngineAPI", "EngineAPI.csproj", "{792EEBC4-B5FA-418A-AA32-DD1F63AEB056}"
EndProject
Project("{9A19103F-16F7-4668-BE54-9A1E7A4F7556}") = "Domain", "..\Domain\Domain.csproj", "{4CF94E05-DBA5-4D66-9F10-C5006628CF64}"
EndProject
Project("{9A19103F-16F7-4668-BE54-9A1E7A4F7556}") = "Transversal", "..\Transversal\Transversal.csproj", "{3BCACA62-B913-47D9-A3A1-84BD038CB632}"
EndProject
Project("{2150E333-8FDC-42A3-9474-1A3956D46DE8}") = "Clients", "Clients", "{01DC495F-E3F8-428B-9181-783C9B9DECEC}"
EndProject
Project("{2150E333-8FDC-42A3-9474-1A3956D46DE8}") = "Infraestructure", "Infraestructure", "{60AAAAC9-1711-408A-9F01-93BAAA338EAA}"
EndProject
Project("{2150E333-8FDC-42A3-9474-1A3956D46DE8}") = "Core", "Core", "{D61F628C-E8F0-49F2-8B33-C4E3A71B54E5}"
EndProject
Global
	GlobalSection(SolutionConfigurationPlatforms) = preSolution
		Debug|Any CPU = Debug|Any CPU
		Release|Any CPU = Release|Any CPU
	EndGlobalSection
	GlobalSection(ProjectConfigurationPlatforms) = postSolution
		{792EEBC4-B5FA-418A-AA32-DD1F63AEB056}.Debug|Any CPU.ActiveCfg = Debug|Any CPU
		{792EEBC4-B5FA-418A-AA32-DD1F63AEB056}.Debug|Any CPU.Build.0 = Debug|Any CPU
		{792EEBC4-B5FA-418A-AA32-DD1F63AEB056}.Release|Any CPU.ActiveCfg = Release|Any CPU
		{792EEBC4-B5FA-418A-AA32-DD1F63AEB056}.Release|Any CPU.Build.0 = Release|Any CPU
		{4CF94E05-DBA5-4D66-9F10-C5006628CF64}.Debug|Any CPU.ActiveCfg = Debug|Any CPU
		{4CF94E05-DBA5-4D66-9F10-C5006628CF64}.Debug|Any CPU.Build.0 = Debug|Any CPU
		{4CF94E05-DBA5-4D66-9F10-C5006628CF64}.Release|Any CPU.ActiveCfg = Release|Any CPU
		{4CF94E05-DBA5-4D66-9F10-C5006628CF64}.Release|Any CPU.Build.0 = Release|Any CPU
		{3BCACA62-B913-47D9-A3A1-84BD038CB632}.Debug|Any CPU.ActiveCfg = Debug|Any CPU
		{3BCACA62-B913-47D9-A3A1-84BD038CB632}.Debug|Any CPU.Build.0 = Debug|Any CPU
		{3BCACA62-B913-47D9-A3A1-84BD038CB632}.Release|Any CPU.ActiveCfg = Release|Any CPU
		{3BCACA62-B913-47D9-A3A1-84BD038CB632}.Release|Any CPU.Build.0 = Release|Any CPU
	EndGlobalSection
	GlobalSection(SolutionProperties) = preSolution
		HideSolutionNode = FALSE
	EndGlobalSection
	GlobalSection(NestedProjects) = preSolution
		{792EEBC4-B5FA-418A-AA32-DD1F63AEB056} = {01DC495F-E3F8-428B-9181-783C9B9DECEC}
		{4CF94E05-DBA5-4D66-9F10-C5006628CF64} = {60AAAAC9-1711-408A-9F01-93BAAA338EAA}
		{3BCACA62-B913-47D9-A3A1-84BD038CB632} = {D61F628C-E8F0-49F2-8B33-C4E3A71B54E5}
	EndGlobalSection
	GlobalSection(ExtensibilityGlobals) = postSolution
		SolutionGuid = {39F7FB96-FAAC-4319-81D3-481A91E90CD6}
	EndGlobalSection
EndGlobal
