
Microsoft Visual Studio Solution File, Format Version 12.00
# Visual Studio Version 16
VisualStudioVersion = 16.0.31702.278
MinimumVisualStudioVersion = 10.0.40219.1
Project("{FAE04EC0-301F-11D3-BF4B-00C04F79EFBC}") = "BgServicex", "BgServicex\BgServicex.csproj", "{28F1E2C7-D8E3-4A22-B406-A020B3BC7B0A}"
EndProject
Global
	GlobalSection(SolutionConfigurationPlatforms) = preSolution
		Debug|Any CPU = Debug|Any CPU
		Release|Any CPU = Release|Any CPU
	EndGlobalSection
	GlobalSection(ProjectConfigurationPlatforms) = postSolution
		{28F1E2C7-D8E3-4A22-B406-A020B3BC7B0A}.Debug|Any CPU.ActiveCfg = Debug|Any CPU
		{28F1E2C7-D8E3-4A22-B406-A020B3BC7B0A}.Debug|Any CPU.Build.0 = Debug|Any CPU
		{28F1E2C7-D8E3-4A22-B406-A020B3BC7B0A}.Release|Any CPU.ActiveCfg = Release|Any CPU
		{28F1E2C7-D8E3-4A22-B406-A020B3BC7B0A}.Release|Any CPU.Build.0 = Release|Any CPU
	EndGlobalSection
	GlobalSection(SolutionProperties) = preSolution
		HideSolutionNode = FALSE
	EndGlobalSection
	GlobalSection(ExtensibilityGlobals) = postSolution
		SolutionGuid = {3DA04E99-2C1A-4459-8A56-7BFB683D6FB4}
	EndGlobalSection
EndGlobal
